
Microsoft Visual Studio Solution File, Format Version 12.00
# Visual Studio 15
VisualStudioVersion = 15.0.27130.2024
MinimumVisualStudioVersion = 10.0.40219.1
Project("{FAE04EC0-301F-11D3-BF4B-00C04F79EFBC}") = "Sir", "Sir\Sir.csproj", "{2002DD08-0083-4184-BB1A-2469B608DE95}"
EndProject
Global
	GlobalSection(SolutionConfigurationPlatforms) = preSolution
		Debug|Any CPU = Debug|Any CPU
		Release|Any CPU = Release|Any CPU
	EndGlobalSection
	GlobalSection(ProjectConfigurationPlatforms) = postSolution
		{2002DD08-0083-4184-BB1A-2469B608DE95}.Debug|Any CPU.ActiveCfg = Debug|Any CPU
		{2002DD08-0083-4184-BB1A-2469B608DE95}.Debug|Any CPU.Build.0 = Debug|Any CPU
		{2002DD08-0083-4184-BB1A-2469B608DE95}.Release|Any CPU.ActiveCfg = Release|Any CPU
		{2002DD08-0083-4184-BB1A-2469B608DE95}.Release|Any CPU.Build.0 = Release|Any CPU
	EndGlobalSection
	GlobalSection(SolutionProperties) = preSolution
		HideSolutionNode = FALSE
	EndGlobalSection
	GlobalSection(ExtensibilityGlobals) = postSolution
		SolutionGuid = {60BC16EF-AAA7-498C-A62A-56F3F740FC89}
	EndGlobalSection
EndGlobal
